// !$*UTF8*$!
{
	archiveVersion = 1;
	classes = {
	};
	objectVersion = 56;
	objects = {

/* Begin PBXBuildFile section */
		3BEE0AD42931275A008F5718 /* AppDelegate.swift in Sources */ = {isa = PBXBuildFile; fileRef = 3BEE0AD32931275A008F5718 /* AppDelegate.swift */; };
		3BEE0AD62931275A008F5718 /* SceneDelegate.swift in Sources */ = {isa = PBXBuildFile; fileRef = 3BEE0AD52931275A008F5718 /* SceneDelegate.swift */; };
		3BEE0AD82931275A008F5718 /* ViewController.swift in Sources */ = {isa = PBXBuildFile; fileRef = 3BEE0AD72931275A008F5718 /* ViewController.swift */; };
		3BEE0ADB2931275A008F5718 /* Main.storyboard in Resources */ = {isa = PBXBuildFile; fileRef = 3BEE0AD92931275A008F5718 /* Main.storyboard */; };
		3BEE0ADD2931275C008F5718 /* Assets.xcassets in Resources */ = {isa = PBXBuildFile; fileRef = 3BEE0ADC2931275C008F5718 /* Assets.xcassets */; };
		3BEE0AE02931275C008F5718 /* LaunchScreen.storyboard in Resources */ = {isa = PBXBuildFile; fileRef = 3BEE0ADE2931275C008F5718 /* LaunchScreen.storyboard */; };
		3BEE0AE829312781008F5718 /* UIViewExtension.swift in Sources */ = {isa = PBXBuildFile; fileRef = 3BEE0AE729312781008F5718 /* UIViewExtension.swift */; };
		3BEE0AEA293257F0008F5718 /* TumblrButton.swift in Sources */ = {isa = PBXBuildFile; fileRef = 3BEE0AE9293257F0008F5718 /* TumblrButton.swift */; };
		3BEE0AEC293262F0008F5718 /* QQLikeButton.swift in Sources */ = {isa = PBXBuildFile; fileRef = 3BEE0AEB293262F0008F5718 /* QQLikeButton.swift */; };
/* End PBXBuildFile section */

/* Begin PBXFileReference section */
		3BEE0AD02931275A008F5718 /* ThumbsUpButton.app */ = {isa = PBXFileReference; explicitFileType = wrapper.application; includeInIndex = 0; path = ThumbsUpButton.app; sourceTree = BUILT_PRODUCTS_DIR; };
		3BEE0AD32931275A008F5718 /* AppDelegate.swift */ = {isa = PBXFileReference; lastKnownFileType = sourcecode.swift; path = AppDelegate.swift; sourceTree = "<group>"; };
		3BEE0AD52931275A008F5718 /* SceneDelegate.swift */ = {isa = PBXFileReference; lastKnownFileType = sourcecode.swift; path = SceneDelegate.swift; sourceTree = "<group>"; };
		3BEE0AD72931275A008F5718 /* ViewController.swift */ = {isa = PBXFileReference; lastKnownFileType = sourcecode.swift; path = ViewController.swift; sourceTree = "<group>"; };
		3BEE0ADA2931275A008F5718 /* Base */ = {isa = PBXFileReference; lastKnownFileType = file.storyboard; name = Base; path = Base.lproj/Main.storyboard; sourceTree = "<group>"; };
		3BEE0ADC2931275C008F5718 /* Assets.xcassets */ = {isa = PBXFileReference; lastKnownFileType = folder.assetcatalog; path = Assets.xcassets; sourceTree = "<group>"; };
		3BEE0ADF2931275C008F5718 /* Base */ = {isa = PBXFileReference; lastKnownFileType = file.storyboard; name = Base; path = Base.lproj/LaunchScreen.storyboard; sourceTree = "<group>"; };
		3BEE0AE12931275C008F5718 /* Info.plist */ = {isa = PBXFileReference; lastKnownFileType = text.plist.xml; path = Info.plist; sourceTree = "<group>"; };
		3BEE0AE729312781008F5718 /* UIViewExtension.swift */ = {isa = PBXFileReference; lastKnownFileType = sourcecode.swift; path = UIViewExtension.swift; sourceTree = "<group>"; };
		3BEE0AE9293257F0008F5718 /* TumblrButton.swift */ = {isa = PBXFileReference; lastKnownFileType = sourcecode.swift; path = TumblrButton.swift; sourceTree = "<group>"; };
		3BEE0AEB293262F0008F5718 /* QQLikeButton.swift */ = {isa = PBXFileReference; lastKnownFileType = sourcecode.swift; path = QQLikeButton.swift; sourceTree = "<group>"; };
/* End PBXFileReference section */

/* Begin PBXFrameworksBuildPhase section */
		3BEE0ACD2931275A008F5718 /* Frameworks */ = {
			isa = PBXFrameworksBuildPhase;
			buildActionMask = 2147483647;
			files = (
			);
			runOnlyForDeploymentPostprocessing = 0;
		};
/* End PBXFrameworksBuildPhase section */

/* Begin PBXGroup section */
		3BEE0AC72931275A008F5718 = {
			isa = PBXGroup;
			children = (
				3BEE0AD22931275A008F5718 /* ThumbsUpButton */,
				3BEE0AD12931275A008F5718 /* Products */,
			);
			sourceTree = "<group>";
		};
		3BEE0AD12931275A008F5718 /* Products */ = {
			isa = PBXGroup;
			children = (
				3BEE0AD02931275A008F5718 /* ThumbsUpButton.app */,
			);
			name = Products;
			sourceTree = "<group>";
		};
		3BEE0AD22931275A008F5718 /* ThumbsUpButton */ = {
			isa = PBXGroup;
			children = (
				3BEE0AD32931275A008F5718 /* AppDelegate.swift */,
				3BEE0AD52931275A008F5718 /* SceneDelegate.swift */,
				3BEE0AD72931275A008F5718 /* ViewController.swift */,
				3BEE0AE9293257F0008F5718 /* TumblrButton.swift */,
				3BEE0AEB293262F0008F5718 /* QQLikeButton.swift */,
				3BEE0AE729312781008F5718 /* UIViewExtension.swift */,
				3BEE0AD92931275A008F5718 /* Main.storyboard */,
				3BEE0ADC2931275C008F5718 /* Assets.xcassets */,
				3BEE0ADE2931275C008F5718 /* LaunchScreen.storyboard */,
				3BEE0AE12931275C008F5718 /* Info.plist */,
			);
			path = ThumbsUpButton;
			sourceTree = "<group>";
		};
/* End PBXGroup section */

/* Begin PBXNativeTarget section */
		3BEE0ACF2931275A008F5718 /* ThumbsUpButton */ = {
			isa = PBXNativeTarget;
			buildConfigurationList = 3BEE0AE42931275C008F5718 /* Build configuration list for PBXNativeTarget "ThumbsUpButton" */;
			buildPhases = (
				3BEE0ACC2931275A008F5718 /* Sources */,
				3BEE0ACD2931275A008F5718 /* Frameworks */,
				3BEE0ACE2931275A008F5718 /* Resources */,
			);
			buildRules = (
			);
			dependencies = (
			);
			name = ThumbsUpButton;
			productName = ThumbsUpButton;
			productReference = 3BEE0AD02931275A008F5718 /* ThumbsUpButton.app */;
			productType = "com.apple.product-type.application";
		};
/* End PBXNativeTarget section */

/* Begin PBXProject section */
		3BEE0AC82931275A008F5718 /* Project object */ = {
			isa = PBXProject;
			attributes = {
				BuildIndependentTargetsInParallel = 1;
				LastSwiftUpdateCheck = 1410;
				LastUpgradeCheck = 1410;
				TargetAttributes = {
					3BEE0ACF2931275A008F5718 = {
						CreatedOnToolsVersion = 14.1;
					};
				};
			};
			buildConfigurationList = 3BEE0ACB2931275A008F5718 /* Build configuration list for PBXProject "ThumbsUpButton" */;
			compatibilityVersion = "Xcode 14.0";
			developmentRegion = en;
			hasScannedForEncodings = 0;
			knownRegions = (
				en,
				Base,
			);
			mainGroup = 3BEE0AC72931275A008F5718;
			productRefGroup = 3BEE0AD12931275A008F5718 /* Products */;
			projectDirPath = "";
			projectRoot = "";
			targets = (
				3BEE0ACF2931275A008F5718 /* ThumbsUpButton */,
			);
		};
/* End PBXProject section */

/* Begin PBXResourcesBuildPhase section */
		3BEE0ACE2931275A008F5718 /* Resources */ = {
			isa = PBXResourcesBuildPhase;
			buildActionMask = 2147483647;
			files = (
				3BEE0AE02931275C008F5718 /* LaunchScreen.storyboard in Resources */,
				3BEE0ADD2931275C008F5718 /* Assets.xcassets in Resources */,
				3BEE0ADB2931275A008F5718 /* Main.storyboard in Resources */,
			);
			runOnlyForDeploymentPostprocessing = 0;
		};
/* End PBXResourcesBuildPhase section */

/* Begin PBXSourcesBuildPhase section */
		3BEE0ACC2931275A008F5718 /* Sources */ = {
			isa = PBXSourcesBuildPhase;
			buildActionMask = 2147483647;
			files = (
				3BEE0AEC293262F0008F5718 /* QQLikeButton.swift in Sources */,
				3BEE0AD82931275A008F5718 /* ViewController.swift in Sources */,
				3BEE0AD42931275A008F5718 /* AppDelegate.swift in Sources */,
				3BEE0AE829312781008F5718 /* UIViewExtension.swift in Sources */,
				3BEE0AEA293257F0008F5718 /* TumblrButton.swift in Sources */,
				3BEE0AD62931275A008F5718 /* SceneDelegate.swift in Sources */,
			);
			runOnlyForDeploymentPostprocessing = 0;
		};
/* End PBXSourcesBuildPhase section */

/* Begin PBXVariantGroup section */
		3BEE0AD92931275A008F5718 /* Main.storyboard */ = {
			isa = PBXVariantGroup;
			children = (
				3BEE0ADA2931275A008F5718 /* Base */,
			);
			name = Main.storyboard;
			sourceTree = "<group>";
		};
		3BEE0ADE2931275C008F5718 /* LaunchScreen.storyboard */ = {
			isa = PBXVariantGroup;
			children = (
				3BEE0ADF2931275C008F5718 /* Base */,
			);
			name = LaunchScreen.storyboard;
			sourceTree = "<group>";
		};
/* End PBXVariantGroup section */

/* Begin XCBuildConfiguration section */
		3BEE0AE22931275C008F5718 /* Debug */ = {
			isa = XCBuildConfiguration;
			buildSettings = {
				ALWAYS_SEARCH_USER_PATHS = NO;
				CLANG_ANALYZER_NONNULL = YES;
				CLANG_ANALYZER_NUMBER_OBJECT_CONVERSION = YES_AGGRESSIVE;
				CLANG_CXX_LANGUAGE_STANDARD = "gnu++20";
				CLANG_ENABLE_MODULES = YES;
				CLANG_ENABLE_OBJC_ARC = YES;
				CLANG_ENABLE_OBJC_WEAK = YES;
				CLANG_WARN_BLOCK_CAPTURE_AUTORELEASING = YES;
				CLANG_WARN_BOOL_CONVERSION = YES;
				CLANG_WARN_COMMA = YES;
				CLANG_WARN_CONSTANT_CONVERSION = YES;
				CLANG_WARN_DEPRECATED_OBJC_IMPLEMENTATIONS = YES;
				CLANG_WARN_DIRECT_OBJC_ISA_USAGE = YES_ERROR;
				CLANG_WARN_DOCUMENTATION_COMMENTS = YES;
				CLANG_WARN_EMPTY_BODY = YES;
				CLANG_WARN_ENUM_CONVERSION = YES;
				CLANG_WARN_INFINITE_RECURSION = YES;
				CLANG_WARN_INT_CONVERSION = YES;
				CLANG_WARN_NON_LITERAL_NULL_CONVERSION = YES;
				CLANG_WARN_OBJC_IMPLICIT_RETAIN_SELF = YES;
				CLANG_WARN_OBJC_LITERAL_CONVERSION = YES;
				CLANG_WARN_OBJC_ROOT_CLASS = YES_ERROR;
				CLANG_WARN_QUOTED_INCLUDE_IN_FRAMEWORK_HEADER = YES;
				CLANG_WARN_RANGE_LOOP_ANALYSIS = YES;
				CLANG_WARN_STRICT_PROTOTYPES = YES;
				CLANG_WARN_SUSPICIOUS_MOVE = YES;
				CLANG_WARN_UNGUARDED_AVAILABILITY = YES_AGGRESSIVE;
				CLANG_WARN_UNREACHABLE_CODE = YES;
				CLANG_WARN__DUPLICATE_METHOD_MATCH = YES;
				COPY_PHASE_STRIP = NO;
				DEBUG_INFORMATION_FORMAT = dwarf;
				ENABLE_STRICT_OBJC_MSGSEND = YES;
				ENABLE_TESTABILITY = YES;
				GCC_C_LANGUAGE_STANDARD = gnu11;
				GCC_DYNAMIC_NO_PIC = NO;
				GCC_NO_COMMON_BLOCKS = YES;
				GCC_OPTIMIZATION_LEVEL = 0;
				GCC_PREPROCESSOR_DEFINITIONS = (
					"DEBUG=1",
					"$(inherited)",
				);
				GCC_WARN_64_TO_32_BIT_CONVERSION = YES;
				GCC_WARN_ABOUT_RETURN_TYPE = YES_ERROR;
				GCC_WARN_UNDECLARED_SELECTOR = YES;
				GCC_WARN_UNINITIALIZED_AUTOS = YES_AGGRESSIVE;
				GCC_WARN_UNUSED_FUNCTION = YES;
				GCC_WARN_UNUSED_VARIABLE = YES;
				IPHONEOS_DEPLOYMENT_TARGET = 16.1;
				MTL_ENABLE_DEBUG_INFO = INCLUDE_SOURCE;
				MTL_FAST_MATH = YES;
				ONLY_ACTIVE_ARCH = YES;
				SDKROOT = iphoneos;
				SWIFT_ACTIVE_COMPILATION_CONDITIONS = DEBUG;
				SWIFT_OPTIMIZATION_LEVEL = "-Onone";
			};
			name = Debug;
		};
		3BEE0AE32931275C008F5718 /* Release */ = {
			isa = XCBuildConfiguration;
			buildSettings = {
				ALWAYS_SEARCH_USER_PATHS = NO;
				CLANG_ANALYZER_NONNULL = YES;
				CLANG_ANALYZER_NUMBER_OBJECT_CONVERSION = YES_AGGRESSIVE;
				CLANG_CXX_LANGUAGE_STANDARD = "gnu++20";
				CLANG_ENABLE_MODULES = YES;
				CLANG_ENABLE_OBJC_ARC = YES;
				CLANG_ENABLE_OBJC_WEAK = YES;
				CLANG_WARN_BLOCK_CAPTURE_AUTORELEASING = YES;
				CLANG_WARN_BOOL_CONVERSION = YES;
				CLANG_WARN_COMMA = YES;
				CLANG_WARN_CONSTANT_CONVERSION = YES;
				CLANG_WARN_DEPRECATED_OBJC_IMPLEMENTATIONS = YES;
				CLANG_WARN_DIRECT_OBJC_ISA_USAGE = YES_ERROR;
				CLANG_WARN_DOCUMENTATION_COMMENTS = YES;
				CLANG_WARN_EMPTY_BODY = YES;
				CLANG_WARN_ENUM_CONVERSION = YES;
				CLANG_WARN_INFINITE_RECURSION = YES;
				CLANG_WARN_INT_CONVERSION = YES;
				CLANG_WARN_NON_LITERAL_NULL_CONVERSION = YES;
				CLANG_WARN_OBJC_IMPLICIT_RETAIN_SELF = YES;
				CLANG_WARN_OBJC_LITERAL_CONVERSION = YES;
				CLANG_WARN_OBJC_ROOT_CLASS = YES_ERROR;
				CLANG_WARN_QUOTED_INCLUDE_IN_FRAMEWORK_HEADER = YES;
				CLANG_WARN_RANGE_LOOP_ANALYSIS = YES;
				CLANG_WARN_STRICT_PROTOTYPES = YES;
				CLANG_WARN_SUSPICIOUS_MOVE = YES;
				CLANG_WARN_UNGUARDED_AVAILABILITY = YES_AGGRESSIVE;
				CLANG_WARN_UNREACHABLE_CODE = YES;
				CLANG_WARN__DUPLICATE_METHOD_MATCH = YES;
				COPY_PHASE_STRIP = NO;
				DEBUG_INFORMATION_FORMAT = "dwarf-with-dsym";
				ENABLE_NS_ASSERTIONS = NO;
				ENABLE_STRICT_OBJC_MSGSEND = YES;
				GCC_C_LANGUAGE_STANDARD = gnu11;
				GCC_NO_COMMON_BLOCKS = YES;
				GCC_WARN_64_TO_32_BIT_CONVERSION = YES;
				GCC_WARN_ABOUT_RETURN_TYPE = YES_ERROR;
				GCC_WARN_UNDECLARED_SELECTOR = YES;
				GCC_WARN_UNINITIALIZED_AUTOS = YES_AGGRESSIVE;
				GCC_WARN_UNUSED_FUNCTION = YES;
				GCC_WARN_UNUSED_VARIABLE = YES;
				IPHONEOS_DEPLOYMENT_TARGET = 16.1;
				MTL_ENABLE_DEBUG_INFO = NO;
				MTL_FAST_MATH = YES;
				SDKROOT = iphoneos;
				SWIFT_COMPILATION_MODE = wholemodule;
				SWIFT_OPTIMIZATION_LEVEL = "-O";
				VALIDATE_PRODUCT = YES;
			};
			name = Release;
		};
		3BEE0AE52931275C008F5718 /* Debug */ = {
			isa = XCBuildConfiguration;
			buildSettings = {
				ASSETCATALOG_COMPILER_APPICON_NAME = AppIcon;
				ASSETCATALOG_COMPILER_GLOBAL_ACCENT_COLOR_NAME = AccentColor;
				CODE_SIGN_STYLE = Automatic;
				CURRENT_PROJECT_VERSION = 1;
				DEVELOPMENT_TEAM = J3RNW5UU74;
				GENERATE_INFOPLIST_FILE = YES;
				INFOPLIST_FILE = ThumbsUpButton/Info.plist;
				INFOPLIST_KEY_UIApplicationSupportsIndirectInputEvents = YES;
				INFOPLIST_KEY_UILaunchStoryboardName = LaunchScreen;
				INFOPLIST_KEY_UIMainStoryboardFile = Main;
				INFOPLIST_KEY_UISupportedInterfaceOrientations_iPad = "UIInterfaceOrientationPortrait UIInterfaceOrientationPortraitUpsideDown UIInterfaceOrientationLandscapeLeft UIInterfaceOrientationLandscapeRight";
				INFOPLIST_KEY_UISupportedInterfaceOrientations_iPhone = "UIInterfaceOrientationPortrait UIInterfaceOrientationLandscapeLeft UIInterfaceOrientationLandscapeRight";
				LD_RUNPATH_SEARCH_PATHS = (
					"$(inherited)",
					"@executable_path/Frameworks",
				);
				MARKETING_VERSION = 1.0;
				PRODUCT_BUNDLE_IDENTIFIER = com.kim.textViewDemo.kim.ThumbsUpButton;
				PRODUCT_NAME = "$(TARGET_NAME)";
				SWIFT_EMIT_LOC_STRINGS = YES;
				SWIFT_VERSION = 5.0;
				TARGETED_DEVICE_FAMILY = "1,2";
			};
			name = Debug;
		};
		3BEE0AE62931275C008F5718 /* Release */ = {
			isa = XCBuildConfiguration;
			buildSettings = {
				ASSETCATALOG_COMPILER_APPICON_NAME = AppIcon;
				ASSETCATALOG_COMPILER_GLOBAL_ACCENT_COLOR_NAME = AccentColor;
				CODE_SIGN_STYLE = Automatic;
				CURRENT_PROJECT_VERSION = 1;
				DEVELOPMENT_TEAM = J3RNW5UU74;
				GENERATE_INFOPLIST_FILE = YES;
				INFOPLIST_FILE = ThumbsUpButton/Info.plist;
				INFOPLIST_KEY_UIApplicationSupportsIndirectInputEvents = YES;
				INFOPLIST_KEY_UILaunchStoryboardName = LaunchScreen;
				INFOPLIST_KEY_UIMainStoryboardFile = Main;
				INFOPLIST_KEY_UISupportedInterfaceOrientations_iPad = "UIInterfaceOrientationPortrait UIInterfaceOrientationPortraitUpsideDown UIInterfaceOrientationLandscapeLeft UIInterfaceOrientationLandscapeRight";
				INFOPLIST_KEY_UISupportedInterfaceOrientations_iPhone = "UIInterfaceOrientationPortrait UIInterfaceOrientationLandscapeLeft UIInterfaceOrientationLandscapeRight";
				LD_RUNPATH_SEARCH_PATHS = (
					"$(inherited)",
					"@executable_path/Frameworks",
				);
				MARKETING_VERSION = 1.0;
				PRODUCT_BUNDLE_IDENTIFIER = com.kim.textViewDemo.kim.ThumbsUpButton;
				PRODUCT_NAME = "$(TARGET_NAME)";
				SWIFT_EMIT_LOC_STRINGS = YES;
				SWIFT_VERSION = 5.0;
				TARGETED_DEVICE_FAMILY = "1,2";
			};
			name = Release;
		};
/* End XCBuildConfiguration section */

/* Begin XCConfigurationList section */
		3BEE0ACB2931275A008F5718 /* Build configuration list for PBXProject "ThumbsUpButton" */ = {
			isa = XCConfigurationList;
			buildConfigurations = (
				3BEE0AE22931275C008F5718 /* Debug */,
				3BEE0AE32931275C008F5718 /* Release */,
			);
			defaultConfigurationIsVisible = 0;
			defaultConfigurationName = Release;
		};
		3BEE0AE42931275C008F5718 /* Build configuration list for PBXNativeTarget "ThumbsUpButton" */ = {
			isa = XCConfigurationList;
			buildConfigurations = (
				3BEE0AE52931275C008F5718 /* Debug */,
				3BEE0AE62931275C008F5718 /* Release */,
			);
			defaultConfigurationIsVisible = 0;
			defaultConfigurationName = Release;
		};
/* End XCConfigurationList section */
	};
	rootObject = 3BEE0AC82931275A008F5718 /* Project object */;
}
